
Microsoft Visual Studio Solution File, Format Version 12.00
# Visual Studio 15
VisualStudioVersion = 15.0.28010.2046
MinimumVisualStudioVersion = 10.0.40219.1
Project("{FAE04EC0-301F-11D3-BF4B-00C04F79EFBC}") = "ComicBookShop.Data", "ComicBookShop.Data\ComicBookShop.Data.csproj", "{60C48C74-C0B0-4D12-A6DB-D0DA0B602045}"
EndProject
Project("{2150E333-8FDC-42A3-9474-1A3956D46DE8}") = "Tests", "Tests", "{2823AD75-3692-4595-B728-17BBF57ED871}"
EndProject
Project("{FAE04EC0-301F-11D3-BF4B-00C04F79EFBC}") = "ComicBookShop.Data.Test", "ComicBookShop.Data.Test\ComicBookShop.Data.Test.csproj", "{F9D28623-2053-455D-A950-BF239832DDA3}"
EndProject
Global
	GlobalSection(SolutionConfigurationPlatforms) = preSolution
		Debug|Any CPU = Debug|Any CPU
		Release|Any CPU = Release|Any CPU
	EndGlobalSection
	GlobalSection(ProjectConfigurationPlatforms) = postSolution
		{60C48C74-C0B0-4D12-A6DB-D0DA0B602045}.Debug|Any CPU.ActiveCfg = Debug|Any CPU
		{60C48C74-C0B0-4D12-A6DB-D0DA0B602045}.Debug|Any CPU.Build.0 = Debug|Any CPU
		{60C48C74-C0B0-4D12-A6DB-D0DA0B602045}.Release|Any CPU.ActiveCfg = Release|Any CPU
		{60C48C74-C0B0-4D12-A6DB-D0DA0B602045}.Release|Any CPU.Build.0 = Release|Any CPU
		{F9D28623-2053-455D-A950-BF239832DDA3}.Debug|Any CPU.ActiveCfg = Debug|Any CPU
		{F9D28623-2053-455D-A950-BF239832DDA3}.Debug|Any CPU.Build.0 = Debug|Any CPU
		{F9D28623-2053-455D-A950-BF239832DDA3}.Release|Any CPU.ActiveCfg = Release|Any CPU
		{F9D28623-2053-455D-A950-BF239832DDA3}.Release|Any CPU.Build.0 = Release|Any CPU
	EndGlobalSection
	GlobalSection(SolutionProperties) = preSolution
		HideSolutionNode = FALSE
	EndGlobalSection
	GlobalSection(NestedProjects) = preSolution
		{F9D28623-2053-455D-A950-BF239832DDA3} = {2823AD75-3692-4595-B728-17BBF57ED871}
	EndGlobalSection
	GlobalSection(ExtensibilityGlobals) = postSolution
		SolutionGuid = {7BAB4F0A-AFB2-4C58-9544-E7A203148903}
	EndGlobalSection
EndGlobal
